
Microsoft Visual Studio Solution File, Format Version 12.00
# Visual Studio Version 16
VisualStudioVersion = 16.0.31624.102
MinimumVisualStudioVersion = 10.0.40219.1
Project("{FAE04EC0-301F-11D3-BF4B-00C04F79EFBC}") = "SATEvening.Web", "src\SATEvening.Web\SATEvening.Web.csproj", "{DFE1B532-851A-4B77-A422-53BA56296F4F}"
EndProject
Project("{FAE04EC0-301F-11D3-BF4B-00C04F79EFBC}") = "SATEvening.BLL", "src\SATEvening.BLL\SATEvening.BLL.csproj", "{613D8F9F-B1C2-40F6-95B6-2279743E5D8E}"
EndProject
Project("{FAE04EC0-301F-11D3-BF4B-00C04F79EFBC}") = "SATEvening.DAL", "src\SATEvening.DAL\SATEvening.DAL.csproj", "{C27B0E76-AF9D-488A-9CD2-AD4AA045FB8A}"
EndProject
Project("{FAE04EC0-301F-11D3-BF4B-00C04F79EFBC}") = "SATEvening.BLL.Tests", "test\SATEvening.BLL.Tests\SATEvening.BLL.Tests.csproj", "{E3BC0747-208D-4C97-88F8-8360A1AA0883}"
EndProject
Project("{FAE04EC0-301F-11D3-BF4B-00C04F79EFBC}") = "SATEvening.DAL.Tests", "test\SATEvening.DAL.Tests\SATEvening.DAL.Tests.csproj", "{C4FBFEF6-9F25-4D0B-B9FA-5FB57235D44D}"
EndProject
Project("{2150E333-8FDC-42A3-9474-1A3956D46DE8}") = "SATEvening", "SATEvening", "{73F3647B-F019-4D63-A1B5-635330315E58}"
EndProject
Project("{2150E333-8FDC-42A3-9474-1A3956D46DE8}") = "SATEvening Tests", "SATEvening Tests", "{8C1B94E6-6562-4731-A7BB-68F2E3667FDC}"
EndProject
Global
	GlobalSection(SolutionConfigurationPlatforms) = preSolution
		Debug|Any CPU = Debug|Any CPU
		Release|Any CPU = Release|Any CPU
	EndGlobalSection
	GlobalSection(ProjectConfigurationPlatforms) = postSolution
		{DFE1B532-851A-4B77-A422-53BA56296F4F}.Debug|Any CPU.ActiveCfg = Debug|Any CPU
		{DFE1B532-851A-4B77-A422-53BA56296F4F}.Debug|Any CPU.Build.0 = Debug|Any CPU
		{DFE1B532-851A-4B77-A422-53BA56296F4F}.Release|Any CPU.ActiveCfg = Release|Any CPU
		{DFE1B532-851A-4B77-A422-53BA56296F4F}.Release|Any CPU.Build.0 = Release|Any CPU
		{613D8F9F-B1C2-40F6-95B6-2279743E5D8E}.Debug|Any CPU.ActiveCfg = Debug|Any CPU
		{613D8F9F-B1C2-40F6-95B6-2279743E5D8E}.Debug|Any CPU.Build.0 = Debug|Any CPU
		{613D8F9F-B1C2-40F6-95B6-2279743E5D8E}.Release|Any CPU.ActiveCfg = Release|Any CPU
		{613D8F9F-B1C2-40F6-95B6-2279743E5D8E}.Release|Any CPU.Build.0 = Release|Any CPU
		{C27B0E76-AF9D-488A-9CD2-AD4AA045FB8A}.Debug|Any CPU.ActiveCfg = Debug|Any CPU
		{C27B0E76-AF9D-488A-9CD2-AD4AA045FB8A}.Debug|Any CPU.Build.0 = Debug|Any CPU
		{C27B0E76-AF9D-488A-9CD2-AD4AA045FB8A}.Release|Any CPU.ActiveCfg = Release|Any CPU
		{C27B0E76-AF9D-488A-9CD2-AD4AA045FB8A}.Release|Any CPU.Build.0 = Release|Any CPU
		{E3BC0747-208D-4C97-88F8-8360A1AA0883}.Debug|Any CPU.ActiveCfg = Debug|Any CPU
		{E3BC0747-208D-4C97-88F8-8360A1AA0883}.Debug|Any CPU.Build.0 = Debug|Any CPU
		{E3BC0747-208D-4C97-88F8-8360A1AA0883}.Release|Any CPU.ActiveCfg = Release|Any CPU
		{E3BC0747-208D-4C97-88F8-8360A1AA0883}.Release|Any CPU.Build.0 = Release|Any CPU
		{C4FBFEF6-9F25-4D0B-B9FA-5FB57235D44D}.Debug|Any CPU.ActiveCfg = Debug|Any CPU
		{C4FBFEF6-9F25-4D0B-B9FA-5FB57235D44D}.Debug|Any CPU.Build.0 = Debug|Any CPU
		{C4FBFEF6-9F25-4D0B-B9FA-5FB57235D44D}.Release|Any CPU.ActiveCfg = Release|Any CPU
		{C4FBFEF6-9F25-4D0B-B9FA-5FB57235D44D}.Release|Any CPU.Build.0 = Release|Any CPU
	EndGlobalSection
	GlobalSection(SolutionProperties) = preSolution
		HideSolutionNode = FALSE
	EndGlobalSection
	GlobalSection(ExtensibilityGlobals) = postSolution
		SolutionGuid = {8235C884-A667-4CCA-9EBD-10ECB5EC35B4}
	EndGlobalSection
	GlobalSection(NestedProjects) = preSolution
		{613D8F9F-B1C2-40F6-95B6-2279743E5D8E} = {73F3647B-F019-4D63-A1B5-635330315E58}
		{C27B0E76-AF9D-488A-9CD2-AD4AA045FB8A} = {73F3647B-F019-4D63-A1B5-635330315E58}
		{DFE1B532-851A-4B77-A422-53BA56296F4F} = {73F3647B-F019-4D63-A1B5-635330315E58}
		{E3BC0747-208D-4C97-88F8-8360A1AA0883} = {8C1B94E6-6562-4731-A7BB-68F2E3667FDC}
		{C4FBFEF6-9F25-4D0B-B9FA-5FB57235D44D} = {8C1B94E6-6562-4731-A7BB-68F2E3667FDC}
	EndGlobalSection
EndGlobal
